
Microsoft Visual Studio Solution File, Format Version 12.00
# Visual Studio 2012
Project("{D954291E-2A0B-460D-934E-DC6B0785DB48}") = "MyNewHome", "MyNewHome\MyNewHome.shproj", "{F5E7C41E-0CAF-4FBD-AB6E-D8766D010903}"
EndProject
Project("{FAE04EC0-301F-11D3-BF4B-00C04F79EFBC}") = "MyNewHome.iOS", "iOS\MyNewHome.iOS.csproj", "{EA5C6FE5-C5FD-4FD0-AEB8-D3BBFECF5295}"
EndProject
Project("{FAE04EC0-301F-11D3-BF4B-00C04F79EFBC}") = "MyNewHome.Droid", "Droid\MyNewHome.Droid.csproj", "{FC4D12C8-0DFE-48C6-964E-4AE9A4C0FD1C}"
EndProject
Global
	GlobalSection(SolutionConfigurationPlatforms) = preSolution
		Debug|iPhoneSimulator = Debug|iPhoneSimulator
		Release|iPhone = Release|iPhone
		Release|iPhoneSimulator = Release|iPhoneSimulator
		Debug|iPhone = Debug|iPhone
		Debug|Any CPU = Debug|Any CPU
		Release|Any CPU = Release|Any CPU
	EndGlobalSection
	GlobalSection(ProjectConfigurationPlatforms) = postSolution
		{EA5C6FE5-C5FD-4FD0-AEB8-D3BBFECF5295}.Debug|iPhoneSimulator.ActiveCfg = Debug|iPhoneSimulator
		{EA5C6FE5-C5FD-4FD0-AEB8-D3BBFECF5295}.Debug|iPhoneSimulator.Build.0 = Debug|iPhoneSimulator
		{EA5C6FE5-C5FD-4FD0-AEB8-D3BBFECF5295}.Release|iPhone.ActiveCfg = Release|iPhone
		{EA5C6FE5-C5FD-4FD0-AEB8-D3BBFECF5295}.Release|iPhone.Build.0 = Release|iPhone
		{EA5C6FE5-C5FD-4FD0-AEB8-D3BBFECF5295}.Release|iPhoneSimulator.ActiveCfg = Release|iPhoneSimulator
		{EA5C6FE5-C5FD-4FD0-AEB8-D3BBFECF5295}.Release|iPhoneSimulator.Build.0 = Release|iPhoneSimulator
		{EA5C6FE5-C5FD-4FD0-AEB8-D3BBFECF5295}.Debug|iPhone.ActiveCfg = Debug|iPhone
		{EA5C6FE5-C5FD-4FD0-AEB8-D3BBFECF5295}.Debug|iPhone.Build.0 = Debug|iPhone
		{EA5C6FE5-C5FD-4FD0-AEB8-D3BBFECF5295}.Debug|Any CPU.ActiveCfg = Debug|iPhoneSimulator
		{EA5C6FE5-C5FD-4FD0-AEB8-D3BBFECF5295}.Debug|Any CPU.Build.0 = Debug|iPhoneSimulator
		{EA5C6FE5-C5FD-4FD0-AEB8-D3BBFECF5295}.Release|Any CPU.ActiveCfg = Release|iPhone
		{EA5C6FE5-C5FD-4FD0-AEB8-D3BBFECF5295}.Release|Any CPU.Build.0 = Release|iPhone
		{FC4D12C8-0DFE-48C6-964E-4AE9A4C0FD1C}.Debug|iPhoneSimulator.ActiveCfg = Debug|Any CPU
		{FC4D12C8-0DFE-48C6-964E-4AE9A4C0FD1C}.Debug|iPhoneSimulator.Build.0 = Debug|Any CPU
		{FC4D12C8-0DFE-48C6-964E-4AE9A4C0FD1C}.Release|iPhone.ActiveCfg = Release|Any CPU
		{FC4D12C8-0DFE-48C6-964E-4AE9A4C0FD1C}.Release|iPhone.Build.0 = Release|Any CPU
		{FC4D12C8-0DFE-48C6-964E-4AE9A4C0FD1C}.Release|iPhoneSimulator.ActiveCfg = Release|Any CPU
		{FC4D12C8-0DFE-48C6-964E-4AE9A4C0FD1C}.Release|iPhoneSimulator.Build.0 = Release|Any CPU
		{FC4D12C8-0DFE-48C6-964E-4AE9A4C0FD1C}.Debug|iPhone.ActiveCfg = Debug|Any CPU
		{FC4D12C8-0DFE-48C6-964E-4AE9A4C0FD1C}.Debug|iPhone.Build.0 = Debug|Any CPU
		{FC4D12C8-0DFE-48C6-964E-4AE9A4C0FD1C}.Debug|Any CPU.ActiveCfg = Debug|Any CPU
		{FC4D12C8-0DFE-48C6-964E-4AE9A4C0FD1C}.Debug|Any CPU.Build.0 = Debug|Any CPU
		{FC4D12C8-0DFE-48C6-964E-4AE9A4C0FD1C}.Release|Any CPU.ActiveCfg = Release|Any CPU
		{FC4D12C8-0DFE-48C6-964E-4AE9A4C0FD1C}.Release|Any CPU.Build.0 = Release|Any CPU
	EndGlobalSection
	GlobalSection(MonoDevelopProperties) = preSolution
		Policies = $0
		$0.DotNetNamingPolicy = $1
		$1.DirectoryNamespaceAssociation = PrefixedHierarchical
		$0.StandardHeader = $2
		$0.ChangeLogPolicy = $3
	EndGlobalSection
EndGlobal
